{
  "name": "goyim",
  "version": "0.0.0",
  "lockfileVersion": 2,
  "requires": true,
  "packages": {
    "": {
      "name": "goyim",
      "version": "0.0.0",
      "license": "ISC",
      "dependencies": {
        "typescript": "^5.2.0-dev.20230608"
      }
    },
    "node_modules/typescript": {
      "version": "5.2.0-dev.20230608",
      "resolved": "https://registry.npmjs.org/typescript/-/typescript-5.2.0-dev.20230608.tgz",
      "integrity": "sha512-My8VOVNpHAZ693+NgsvD2JXgXg5eosPJcEDzPcme8tU1vs+C6G6liR15r3qd1qSSNjDghmCe014GjWspVBZ7ag==",
      "bin": {
        "tsc": "bin/tsc",
        "tsserver": "bin/tsserver"
      },
      "engines": {
        "node": ">=14.17"
      }
    }
  },
  "dependencies": {
    "typescript": {
      "version": "5.2.0-dev.20230608",
      "resolved": "https://registry.npmjs.org/typescript/-/typescript-5.2.0-dev.20230608.tgz",
      "integrity": "sha512-My8VOVNpHAZ693+NgsvD2JXgXg5eosPJcEDzPcme8tU1vs+C6G6liR15r3qd1qSSNjDghmCe014GjWspVBZ7ag=="
    }
  }
}
